{
  "name": "tiny",
  "version": "0.0.0",
  "lockfileVersion": 1,
  "requires": true,
  "dependencies": {
    "accepts": {
      "version": "1.3.5",
      "resolved": "http://r.npm.sankuai.com/accepts/download/accepts-1.3.5.tgz",
      "integrity": "sha1-63d99gEXI6OxTopywIBcjoZ0a9I=",
      "requires": {
        "mime-types": "~2.1.18",
        "negotiator": "0.6.1"
      }
    },
    "ansi-regex": {
      "version": "2.1.1",
      "resolved": "http://r.npm.sankuai.com/ansi-regex/download/ansi-regex-2.1.1.tgz",
      "integrity": "sha1-w7M6te42DYbg5ijwRorn7yfWVN8="
    },
    "ansi-styles": {
      "version": "2.2.1",
      "resolved": "http://r.npm.sankuai.com/ansi-styles/download/ansi-styles-2.2.1.tgz",
      "integrity": "sha1-tDLdM1i2NM914eRmQ2gkBTPB3b4="
    },
    "any-promise": {
      "version": "1.3.0",
      "resolved": "http://r.npm.sankuai.com/any-promise/download/any-promise-1.3.0.tgz",
      "integrity": "sha1-q8av7tzqUugJzcA3au0845Y10X8="
    },
    "array-flatten": {
      "version": "1.1.1",
      "resolved": "http://r.npm.sankuai.com/array-flatten/download/array-flatten-1.1.1.tgz",
      "integrity": "sha1-ml9pkFGx5wczKPKgCJaLZOopVdI="
    },
    "async": {
      "version": "0.9.2",
      "resolved": "http://r.npm.sankuai.com/async/download/async-0.9.2.tgz",
      "integrity": "sha1-rqdNXmHB+JlhO/ZL2mbUx48v0X0="
    },
    "axios": {
      "version": "0.18.0",
      "resolved": "http://r.npm.sankuai.com/axios/download/axios-0.18.0.tgz",
      "integrity": "sha1-MtU+SFHv3AoRmTts0AB4nXDAUQI=",
      "requires": {
        "follow-redirects": "^1.3.0",
        "is-buffer": "^1.1.5"
      }
    },
    "babel-plugin-add-module-exports": {
      "version": "0.2.1",
      "resolved": "http://r.npm.sankuai.com/babel-plugin-add-module-exports/download/babel-plugin-add-module-exports-0.2.1.tgz",
      "integrity": "sha1-mumh9KjcZ/DN7E9K7aHkOl/2XiU="
    },
    "bearychat": {
      "version": "1.2.0",
      "resolved": "http://r.npm.sankuai.com/bearychat/download/bearychat-1.2.0.tgz",
      "integrity": "sha1-jTGCGEnRAHbqoILEaLRfrPDQM+Q=",
      "requires": {
        "babel-plugin-add-module-exports": "^0.2.1",
        "isomorphic-fetch": "^2.2.1"
      }
    },
    "body-parser": {
      "version": "1.18.3",
      "resolved": "http://r.npm.sankuai.com/body-parser/download/body-parser-1.18.3.tgz",
      "integrity": "sha1-WykhmP/dVTs6DyDe0FkrlWlVyLQ=",
      "requires": {
        "bytes": "3.0.0",
        "content-type": "~1.0.4",
        "debug": "2.6.9",
        "depd": "~1.1.2",
        "http-errors": "~1.6.3",
        "iconv-lite": "0.4.23",
        "on-finished": "~2.3.0",
        "qs": "6.5.2",
        "raw-body": "2.3.3",
        "type-is": "~1.6.16"
      },
      "dependencies": {
        "http-errors": {
          "version": "1.6.3",
          "resolved": "http://r.npm.sankuai.com/http-errors/download/http-errors-1.6.3.tgz",
          "integrity": "sha1-i1VoC7S+KDoLW/TqLjhYC+HZMg0=",
          "requires": {
            "depd": "~1.1.2",
            "inherits": "2.0.3",
            "setprototypeof": "1.1.0",
            "statuses": ">= 1.4.0 < 2"
          }
        }
      }
    },
    "bytes": {
      "version": "3.0.0",
      "resolved": "http://r.npm.sankuai.com/bytes/download/bytes-3.0.0.tgz",
      "integrity": "sha1-0ygVQE1olpn4Wk6k+odV3ROpYEg="
    },
    "cache-content-type": {
      "version": "1.0.1",
      "resolved": "http://r.npm.sankuai.com/cache-content-type/download/cache-content-type-1.0.1.tgz",
      "integrity": "sha1-A1zeKwjuISn0qDFeqPAKANuhRTw=",
      "requires": {
        "mime-types": "^2.1.18",
        "ylru": "^1.2.0"
      }
    },
    "chalk": {
      "version": "1.1.3",
      "resolved": "http://r.npm.sankuai.com/chalk/download/chalk-1.1.3.tgz",
      "integrity": "sha1-qBFcVeSnAv5NFQq9OHKCKn4J/Jg=",
      "requires": {
        "ansi-styles": "^2.2.1",
        "escape-string-regexp": "^1.0.2",
        "has-ansi": "^2.0.0",
        "strip-ansi": "^3.0.0",
        "supports-color": "^2.0.0"
      }
    },
    "cline": {
      "version": "0.8.2",
      "resolved": "http://r.npm.sankuai.com/cline/download/cline-0.8.2.tgz",
      "integrity": "sha1-6RHnQaCtLiTSnm+rLPifoyLVnHY="
    },
    "co": {
      "version": "4.6.0",
      "resolved": "http://r.npm.sankuai.com/co/download/co-4.6.0.tgz",
      "integrity": "sha1-bqa989hTrlTMuOR7+gvz+QMfsYQ="
    },
    "co-body": {
      "version": "6.0.0",
      "resolved": "http://r.npm.sankuai.com/co-body/download/co-body-6.0.0.tgz",
      "integrity": "sha1-lluTN9f1ZVSAeHRx9CN2ZIIIJ+M=",
      "requires": {
        "inflation": "^2.0.0",
        "qs": "^6.5.2",
        "raw-body": "^2.3.3",
        "type-is": "^1.6.16"
      }
    },
    "coffee-script": {
      "version": "1.6.3",
      "resolved": "http://r.npm.sankuai.com/coffee-script/download/coffee-script-1.6.3.tgz",
      "integrity": "sha1-Y1XTLPGwTN/2tITl5xF4Ky8MOb4="
    },
    "connect-multiparty": {
      "version": "2.2.0",
      "resolved": "http://r.npm.sankuai.com/connect-multiparty/download/connect-multiparty-2.2.0.tgz",
      "integrity": "sha1-tJMkgtuimPgrilS3D7YOxdcjk8M=",
      "requires": {
        "http-errors": "~1.7.0",
        "multiparty": "~4.2.1",
        "on-finished": "~2.3.0",
        "qs": "~6.5.2",
        "type-is": "~1.6.16"
      }
    },
    "content-disposition": {
      "version": "0.5.2",
      "resolved": "http://r.npm.sankuai.com/content-disposition/download/content-disposition-0.5.2.tgz",
      "integrity": "sha1-DPaLud318r55YcOoUXjLhdunjLQ="
    },
    "content-type": {
      "version": "1.0.4",
      "resolved": "http://r.npm.sankuai.com/content-type/download/content-type-1.0.4.tgz",
      "integrity": "sha1-4TjMdeBAxyexlm/l5fjJruJW/js="
    },
    "cookie": {
      "version": "0.3.1",
      "resolved": "http://r.npm.sankuai.com/cookie/download/cookie-0.3.1.tgz",
      "integrity": "sha1-5+Ch+e9DtMi6klxcWpboBtFoc7s="
    },
    "cookie-signature": {
      "version": "1.0.6",
      "resolved": "http://r.npm.sankuai.com/cookie-signature/download/cookie-signature-1.0.6.tgz",
      "integrity": "sha1-4wOogrNCzD7oylE6eZmXNNqzriw="
    },
    "cookies": {
      "version": "0.7.2",
      "resolved": "http://r.npm.sankuai.com/cookies/download/cookies-0.7.2.tgz",
      "integrity": "sha1-UnNpdhJmWK93E9f4WPfSH5natIY=",
      "requires": {
        "depd": "~1.1.2",
        "keygrip": "~1.0.2"
      }
    },
    "copy-to": {
      "version": "2.0.1",
      "resolved": "http://r.npm.sankuai.com/copy-to/download/copy-to-2.0.1.tgz",
      "integrity": "sha1-JoD7uAaKSNCGVrYJgJK9r8kG9KU="
    },
    "debug": {
      "version": "2.6.9",
      "resolved": "http://r.npm.sankuai.com/debug/download/debug-2.6.9.tgz",
      "integrity": "sha1-XRKFFd8TT/Mn6QpMk/Tgd6U2NB8=",
      "requires": {
        "ms": "2.0.0"
      }
    },
    "deep-equal": {
      "version": "1.0.1",
      "resolved": "http://r.npm.sankuai.com/deep-equal/download/deep-equal-1.0.1.tgz",
      "integrity": "sha1-9dJgKStmDghO/0zbyfCK0yR0SLU="
    },
    "delegates": {
      "version": "1.0.0",
      "resolved": "http://r.npm.sankuai.com/delegates/download/delegates-1.0.0.tgz",
      "integrity": "sha1-hMbhWbgZBP3KWaDvRM2HDTElD5o="
    },
    "depd": {
      "version": "1.1.2",
      "resolved": "http://r.npm.sankuai.com/depd/download/depd-1.1.2.tgz",
      "integrity": "sha1-m81S4UwJd2PnSbJ0xDRu0uVgtak="
    },
    "destroy": {
      "version": "1.0.4",
      "resolved": "http://r.npm.sankuai.com/destroy/download/destroy-1.0.4.tgz",
      "integrity": "sha1-l4hXRCxEdJ5CBmE+N5RiBYJqvYA="
    },
    "double-ended-queue": {
      "version": "2.1.0-0",
      "resolved": "http://r.npm.sankuai.com/double-ended-queue/download/double-ended-queue-2.1.0-0.tgz",
      "integrity": "sha1-ED01J/0xUo9AGIEwyEHv3XgmTlw="
    },
    "ee-first": {
      "version": "1.1.1",
      "resolved": "http://r.npm.sankuai.com/ee-first/download/ee-first-1.1.1.tgz",
      "integrity": "sha1-WQxhFWsK4vTwJVcyoViyZrxWsh0="
    },
    "encodeurl": {
      "version": "1.0.2",
      "resolved": "http://r.npm.sankuai.com/encodeurl/download/encodeurl-1.0.2.tgz",
      "integrity": "sha1-rT/0yG7C0CkyL1oCw6mmBslbP1k="
    },
    "encoding": {
      "version": "0.1.12",
      "resolved": "http://r.npm.sankuai.com/encoding/download/encoding-0.1.12.tgz",
      "integrity": "sha1-U4tm8+5izRq1HsMjgp0flIDHS+s=",
      "requires": {
        "iconv-lite": "~0.4.13"
      }
    },
    "error-inject": {
      "version": "1.0.0",
      "resolved": "http://r.npm.sankuai.com/error-inject/download/error-inject-1.0.0.tgz",
      "integrity": "sha1-4rPZG1Su1nLzCdlQ0VSFD6EdTzc="
    },
    "escape-html": {
      "version": "1.0.3",
      "resolved": "http://r.npm.sankuai.com/escape-html/download/escape-html-1.0.3.tgz",
      "integrity": "sha1-Aljq5NPQwJdN4cFpGI7wBR0dGYg="
    },
    "escape-string-regexp": {
      "version": "1.0.5",
      "resolved": "http://r.npm.sankuai.com/escape-string-regexp/download/escape-string-regexp-1.0.5.tgz",
      "integrity": "sha1-G2HAViGQqN/2rjuyzwIAyhMLhtQ="
    },
    "etag": {
      "version": "1.8.1",
      "resolved": "http://r.npm.sankuai.com/etag/download/etag-1.8.1.tgz",
      "integrity": "sha1-Qa4u62XvpiJorr/qg6x9eSmbCIc="
    },
    "express": {
      "version": "4.16.4",
      "resolved": "http://r.npm.sankuai.com/express/download/express-4.16.4.tgz",
      "integrity": "sha1-/d72GSYQniTFFeqX/S8b2/Yt8S4=",
      "requires": {
        "accepts": "~1.3.5",
        "array-flatten": "1.1.1",
        "body-parser": "1.18.3",
        "content-disposition": "0.5.2",
        "content-type": "~1.0.4",
        "cookie": "0.3.1",
        "cookie-signature": "1.0.6",
        "debug": "2.6.9",
        "depd": "~1.1.2",
        "encodeurl": "~1.0.2",
        "escape-html": "~1.0.3",
        "etag": "~1.8.1",
        "finalhandler": "1.1.1",
        "fresh": "0.5.2",
        "merge-descriptors": "1.0.1",
        "methods": "~1.1.2",
        "on-finished": "~2.3.0",
        "parseurl": "~1.3.2",
        "path-to-regexp": "0.1.7",
        "proxy-addr": "~2.0.4",
        "qs": "6.5.2",
        "range-parser": "~1.2.0",
        "safe-buffer": "5.1.2",
        "send": "0.16.2",
        "serve-static": "1.13.2",
        "setprototypeof": "1.1.0",
        "statuses": "~1.4.0",
        "type-is": "~1.6.16",
        "utils-merge": "1.0.1",
        "vary": "~1.1.2"
      },
      "dependencies": {
        "statuses": {
          "version": "1.4.0",
          "resolved": "http://r.npm.sankuai.com/statuses/download/statuses-1.4.0.tgz",
          "integrity": "sha1-u3PURtonlhBu/MG2AaJT1sRr0Ic="
        }
      }
    },
    "fd-slicer": {
      "version": "1.1.0",
      "resolved": "http://r.npm.sankuai.com/fd-slicer/download/fd-slicer-1.1.0.tgz",
      "integrity": "sha1-JcfInLH5B3+IkbvmHY85Dq4lbx4=",
      "requires": {
        "pend": "~1.2.0"
      }
    },
    "finalhandler": {
      "version": "1.1.1",
      "resolved": "http://r.npm.sankuai.com/finalhandler/download/finalhandler-1.1.1.tgz",
      "integrity": "sha1-7r9O2EAHnIP0JJA4ydcDAIMBsQU=",
      "requires": {
        "debug": "2.6.9",
        "encodeurl": "~1.0.2",
        "escape-html": "~1.0.3",
        "on-finished": "~2.3.0",
        "parseurl": "~1.3.2",
        "statuses": "~1.4.0",
        "unpipe": "~1.0.0"
      },
      "dependencies": {
        "statuses": {
          "version": "1.4.0",
          "resolved": "http://r.npm.sankuai.com/statuses/download/statuses-1.4.0.tgz",
          "integrity": "sha1-u3PURtonlhBu/MG2AaJT1sRr0Ic="
        }
      }
    },
    "follow-redirects": {
      "version": "1.5.9",
      "resolved": "http://r.npm.sankuai.com/follow-redirects/download/follow-redirects-1.5.9.tgz",
      "integrity": "sha1-ye2ddIuBSjlTVxblMbkZaoRdicY=",
      "requires": {
        "debug": "=3.1.0"
      },
      "dependencies": {
        "debug": {
          "version": "3.1.0",
          "resolved": "http://r.npm.sankuai.com/debug/download/debug-3.1.0.tgz",
          "integrity": "sha1-W7WgZyYotkFJVmuhaBnmFRjGcmE=",
          "requires": {
            "ms": "2.0.0"
          }
        }
      }
    },
    "forwarded": {
      "version": "0.1.2",
      "resolved": "http://r.npm.sankuai.com/forwarded/download/forwarded-0.1.2.tgz",
      "integrity": "sha1-mMI9qxF1ZXuMBXPozszZGw/xjIQ="
    },
    "fresh": {
      "version": "0.5.2",
      "resolved": "http://r.npm.sankuai.com/fresh/download/fresh-0.5.2.tgz",
      "integrity": "sha1-PYyt2Q2XZWn6g1qx+OSyOhBWBac="
    },
    "has-ansi": {
      "version": "2.0.0",
      "resolved": "http://r.npm.sankuai.com/has-ansi/download/has-ansi-2.0.0.tgz",
      "integrity": "sha1-NPUEnOHs3ysGSa8+8k5F7TVBbZE=",
      "requires": {
        "ansi-regex": "^2.0.0"
      }
    },
    "http-assert": {
      "version": "1.4.0",
      "resolved": "http://r.npm.sankuai.com/http-assert/download/http-assert-1.4.0.tgz",
      "integrity": "sha1-DlULT8pq3xIbvu2DJIwX5i9ZOpo=",
      "requires": {
        "deep-equal": "~1.0.1",
        "http-errors": "~1.7.1"
      }
    },
    "http-errors": {
      "version": "1.7.1",
      "resolved": "http://r.npm.sankuai.com/http-errors/download/http-errors-1.7.1.tgz",
      "integrity": "sha1-ak/+XTUYjhw5+HJTRpBYWFLh8Cc=",
      "requires": {
        "depd": "~1.1.2",
        "inherits": "2.0.3",
        "setprototypeof": "1.1.0",
        "statuses": ">= 1.5.0 < 2",
        "toidentifier": "1.0.0"
      }
    },
    "hubot": {
      "version": "3.1.1",
      "resolved": "http://r.npm.sankuai.com/hubot/download/hubot-3.1.1.tgz",
      "integrity": "sha1-xuisEOPXABBD0GTFK26Uav1+p0k=",
      "requires": {
        "async": ">=0.1.0 <1.0.0",
        "chalk": "^1.0.0",
        "cline": "^0.8.2",
        "coffee-script": "1.6.3",
        "connect-multiparty": "^2.1.1",
        "express": "^4.16.3",
        "log": "1.4.0",
        "optparse": "1.0.4",
        "scoped-http-client": "0.11.0"
      }
    },
    "hubot-bearychat": {
      "version": "0.7.2",
      "resolved": "http://r.npm.sankuai.com/hubot-bearychat/download/hubot-bearychat-0.7.2.tgz",
      "integrity": "sha1-97JHUYi6vDrNI+K51abUMQlqG38=",
      "requires": {
        "bearychat": "^1.0.0",
        "ws": "^1.1.1"
      }
    },
    "hubot-diagnostics": {
      "version": "1.0.0",
      "resolved": "http://r.npm.sankuai.com/hubot-diagnostics/download/hubot-diagnostics-1.0.0.tgz",
      "integrity": "sha1-OiDeUlkBuDkktSOxJE3LcmqN72k="
    },
    "hubot-google-images": {
      "version": "0.2.7",
      "resolved": "http://r.npm.sankuai.com/hubot-google-images/download/hubot-google-images-0.2.7.tgz",
      "integrity": "sha1-qKH5CU12gwvxkxdwiI+rDcDBGk0="
    },
    "hubot-google-translate": {
      "version": "0.2.1",
      "resolved": "http://r.npm.sankuai.com/hubot-google-translate/download/hubot-google-translate-0.2.1.tgz",
      "integrity": "sha1-P0lsfywgmU1ZS0t1GDiY4rYnu34="
    },
    "hubot-help": {
      "version": "1.0.1",
      "resolved": "http://r.npm.sankuai.com/hubot-help/download/hubot-help-1.0.1.tgz",
      "integrity": "sha1-CmeOVR1nxDF+Ii/ylLlYO4Mi/Oc="
    },
    "hubot-heroku-keepalive": {
      "version": "1.0.3",
      "resolved": "http://r.npm.sankuai.com/hubot-heroku-keepalive/download/hubot-heroku-keepalive-1.0.3.tgz",
      "integrity": "sha1-KVDigJXuSmrOK3b5DiqRupHmgTw="
    },
    "hubot-maps": {
      "version": "0.0.3",
      "resolved": "http://r.npm.sankuai.com/hubot-maps/download/hubot-maps-0.0.3.tgz",
      "integrity": "sha1-yPxbA0h1TmJhbVuZsr85BMXuWDw="
    },
    "hubot-pugme": {
      "version": "0.1.1",
      "resolved": "http://r.npm.sankuai.com/hubot-pugme/download/hubot-pugme-0.1.1.tgz",
      "integrity": "sha1-u/O5k4MVFsgU9WnPDwUxP7mjFFg="
    },
    "hubot-redis-brain": {
      "version": "1.0.0",
      "resolved": "http://r.npm.sankuai.com/hubot-redis-brain/download/hubot-redis-brain-1.0.0.tgz",
      "integrity": "sha1-RiYXFSXCaBhSsoWmIcwEQ2IPoPE=",
      "requires": {
        "redis": "^2.7.1"
      }
    },
    "hubot-rules": {
      "version": "1.0.0",
      "resolved": "http://r.npm.sankuai.com/hubot-rules/download/hubot-rules-1.0.0.tgz",
      "integrity": "sha1-NaXQrNJ6P6hz55a6KfCSjy64OYw="
    },
    "hubot-scripts": {
      "version": "2.17.2",
      "resolved": "http://r.npm.sankuai.com/hubot-scripts/download/hubot-scripts-2.17.2.tgz",
      "integrity": "sha1-mwjpB9XPq6cteDIEBnp4zp3zriQ=",
      "requires": {
        "redis": "0.8.4"
      },
      "dependencies": {
        "redis": {
          "version": "0.8.4",
          "resolved": "http://r.npm.sankuai.com/redis/download/redis-0.8.4.tgz",
          "integrity": "sha1-FGCfJkFOIRwx480H3HmwS/n/GYA="
        }
      }
    },
    "hubot-shipit": {
      "version": "0.2.1",
      "resolved": "http://r.npm.sankuai.com/hubot-shipit/download/hubot-shipit-0.2.1.tgz",
      "integrity": "sha1-T7yeFhlTv3kB/cNuKnAsExA/FrI="
    },
    "iconv-lite": {
      "version": "0.4.23",
      "resolved": "http://r.npm.sankuai.com/iconv-lite/download/iconv-lite-0.4.23.tgz",
      "integrity": "sha1-KXhx9jvlB63Pv8pxXQzQ7thOmmM=",
      "requires": {
        "safer-buffer": ">= 2.1.2 < 3"
      }
    },
    "inflation": {
      "version": "2.0.0",
      "resolved": "http://r.npm.sankuai.com/inflation/download/inflation-2.0.0.tgz",
      "integrity": "sha1-i0F+R8KPklpFEz2RTKH9OJEH8w8="
    },
    "inherits": {
      "version": "2.0.3",
      "resolved": "http://r.npm.sankuai.com/inherits/download/inherits-2.0.3.tgz",
      "integrity": "sha1-Yzwsg+PaQqUC9SRmAiSA9CCCYd4="
    },
    "ipaddr.js": {
      "version": "1.8.0",
      "resolved": "http://r.npm.sankuai.com/ipaddr.js/download/ipaddr.js-1.8.0.tgz",
      "integrity": "sha1-6qM9bd16zo9/b+DJygRA5wZzix4="
    },
    "is-buffer": {
      "version": "1.1.6",
      "resolved": "http://r.npm.sankuai.com/is-buffer/download/is-buffer-1.1.6.tgz",
      "integrity": "sha1-76ouqdqg16suoTqXsritUf776L4="
    },
    "is-generator-function": {
      "version": "1.0.7",
      "resolved": "http://r.npm.sankuai.com/is-generator-function/download/is-generator-function-1.0.7.tgz",
      "integrity": "sha1-0hMuUpuwAAp/gHlNS99c1eWBNSI="
    },
    "is-stream": {
      "version": "1.1.0",
      "resolved": "http://r.npm.sankuai.com/is-stream/download/is-stream-1.1.0.tgz",
      "integrity": "sha1-EtSj3U5o4Lec6428hBc66A2RykQ="
    },
    "isomorphic-fetch": {
      "version": "2.2.1",
      "resolved": "http://r.npm.sankuai.com/isomorphic-fetch/download/isomorphic-fetch-2.2.1.tgz",
      "integrity": "sha1-YRrhrPFPXoH3KVB0coGf6XM1WKk=",
      "requires": {
        "node-fetch": "^1.0.1",
        "whatwg-fetch": ">=0.10.0"
      }
    },
    "keygrip": {
      "version": "1.0.3",
      "resolved": "http://r.npm.sankuai.com/keygrip/download/keygrip-1.0.3.tgz",
      "integrity": "sha1-OZ1wnwrtK6sKBZ4M3TpQI6BT4dw="
    },
    "koa": {
      "version": "2.6.1",
      "resolved": "http://r.npm.sankuai.com/koa/download/koa-2.6.1.tgz",
      "integrity": "sha1-iMq7GM0pfgV3o35A9ADEtvFpn+8=",
      "requires": {
        "accepts": "^1.3.5",
        "cache-content-type": "^1.0.0",
        "content-disposition": "~0.5.2",
        "content-type": "^1.0.4",
        "cookies": "~0.7.1",
        "debug": "~3.1.0",
        "delegates": "^1.0.0",
        "depd": "^1.1.2",
        "destroy": "^1.0.4",
        "error-inject": "^1.0.0",
        "escape-html": "^1.0.3",
        "fresh": "~0.5.2",
        "http-assert": "^1.3.0",
        "http-errors": "^1.6.3",
        "is-generator-function": "^1.0.7",
        "koa-compose": "^4.1.0",
        "koa-convert": "^1.2.0",
        "koa-is-json": "^1.0.0",
        "on-finished": "^2.3.0",
        "only": "~0.0.2",
        "parseurl": "^1.3.2",
        "statuses": "^1.5.0",
        "type-is": "^1.6.16",
        "vary": "^1.1.2"
      },
      "dependencies": {
        "debug": {
          "version": "3.1.0",
          "resolved": "http://r.npm.sankuai.com/debug/download/debug-3.1.0.tgz",
          "integrity": "sha1-W7WgZyYotkFJVmuhaBnmFRjGcmE=",
          "requires": {
            "ms": "2.0.0"
          }
        }
      }
    },
    "koa-bodyparser": {
      "version": "4.2.1",
      "resolved": "http://r.npm.sankuai.com/koa-bodyparser/download/koa-bodyparser-4.2.1.tgz",
      "integrity": "sha1-TX2stebbEQZkm1ldnlzLFYtvOyk=",
      "requires": {
        "co-body": "^6.0.0",
        "copy-to": "^2.0.1"
      }
    },
    "koa-compose": {
      "version": "4.1.0",
      "resolved": "http://r.npm.sankuai.com/koa-compose/download/koa-compose-4.1.0.tgz",
      "integrity": "sha1-UHMGuTcZAdtBEhyBLpI9DWfT6Hc="
    },
    "koa-convert": {
      "version": "1.2.0",
      "resolved": "http://r.npm.sankuai.com/koa-convert/download/koa-convert-1.2.0.tgz",
      "integrity": "sha1-2kCHXfSd4FOQmNFwC1CCDOvNIdA=",
      "requires": {
        "co": "^4.6.0",
        "koa-compose": "^3.0.0"
      },
      "dependencies": {
        "koa-compose": {
          "version": "3.2.1",
          "resolved": "http://r.npm.sankuai.com/koa-compose/download/koa-compose-3.2.1.tgz",
          "integrity": "sha1-qFzLQLfZhtjlo0Wzoazo6rz1Tec=",
          "requires": {
            "any-promise": "^1.1.0"
          }
        }
      }
    },
    "koa-is-json": {
      "version": "1.0.0",
      "resolved": "http://r.npm.sankuai.com/koa-is-json/download/koa-is-json-1.0.0.tgz",
      "integrity": "sha1-JzwH7c3Ljfaiwat9We52SRRR7BQ="
    },
    "koa-send": {
      "version": "5.0.0",
      "resolved": "http://r.npm.sankuai.com/koa-send/download/koa-send-5.0.0.tgz",
      "integrity": "sha1-XoRB4H71VzdzTXztJbhC5QZG5+s=",
      "requires": {
        "debug": "^3.1.0",
        "http-errors": "^1.6.3",
        "mz": "^2.7.0",
        "resolve-path": "^1.4.0"
      },
      "dependencies": {
        "debug": {
          "version": "3.2.6",
          "resolved": "http://r.npm.sankuai.com/debug/download/debug-3.2.6.tgz",
          "integrity": "sha1-6D0X3hbYp++3cX7b5fsQE17uYps=",
          "requires": {
            "ms": "^2.1.1"
          }
        },
        "ms": {
          "version": "2.1.1",
          "resolved": "http://r.npm.sankuai.com/ms/download/ms-2.1.1.tgz",
          "integrity": "sha1-MKWGTrPrsKZvLr5tcnrwagnYbgo="
        }
      }
    },
    "koa-static": {
      "version": "5.0.0",
      "resolved": "http://r.npm.sankuai.com/koa-static/download/koa-static-5.0.0.tgz",
      "integrity": "sha1-XpL8lrU3rVIZ9CUxnJW2R3J3aUM=",
      "requires": {
        "debug": "^3.1.0",
        "koa-send": "^5.0.0"
      },
      "dependencies": {
        "debug": {
          "version": "3.2.6",
          "resolved": "http://r.npm.sankuai.com/debug/download/debug-3.2.6.tgz",
          "integrity": "sha1-6D0X3hbYp++3cX7b5fsQE17uYps=",
          "requires": {
            "ms": "^2.1.1"
          }
        },
        "ms": {
          "version": "2.1.1",
          "resolved": "http://r.npm.sankuai.com/ms/download/ms-2.1.1.tgz",
          "integrity": "sha1-MKWGTrPrsKZvLr5tcnrwagnYbgo="
        }
      }
    },
    "log": {
      "version": "1.4.0",
      "resolved": "http://r.npm.sankuai.com/log/download/log-1.4.0.tgz",
      "integrity": "sha1-S6HYkP3iSbAx3KA7w36q8yVlbxw="
    },
    "media-typer": {
      "version": "0.3.0",
      "resolved": "http://r.npm.sankuai.com/media-typer/download/media-typer-0.3.0.tgz",
      "integrity": "sha1-hxDXrwqmJvj/+hzgAWhUUmMlV0g="
    },
    "merge-descriptors": {
      "version": "1.0.1",
      "resolved": "http://r.npm.sankuai.com/merge-descriptors/download/merge-descriptors-1.0.1.tgz",
      "integrity": "sha1-sAqqVW3YtEVoFQ7J0blT8/kMu2E="
    },
    "methods": {
      "version": "1.1.2",
      "resolved": "http://r.npm.sankuai.com/methods/download/methods-1.1.2.tgz",
      "integrity": "sha1-VSmk1nZUE07cxSZmVoNbD4Ua/O4="
    },
    "mime": {
      "version": "1.4.1",
      "resolved": "http://r.npm.sankuai.com/mime/download/mime-1.4.1.tgz",
      "integrity": "sha1-Eh+evEnjdm8xGnbh+hyAA8SwOqY="
    },
    "mime-db": {
      "version": "1.37.0",
      "resolved": "http://r.npm.sankuai.com/mime-db/download/mime-db-1.37.0.tgz",
      "integrity": "sha1-C2oM5v2+lXbiXx8tL96IMNwK0Ng="
    },
    "mime-types": {
      "version": "2.1.21",
      "resolved": "http://r.npm.sankuai.com/mime-types/download/mime-types-2.1.21.tgz",
      "integrity": "sha1-KJlaoey3cHQv5q5+WPkYHHRLP5Y=",
      "requires": {
        "mime-db": "~1.37.0"
      }
    },
    "ms": {
      "version": "2.0.0",
      "resolved": "http://r.npm.sankuai.com/ms/download/ms-2.0.0.tgz",
      "integrity": "sha1-VgiurfwAvmwpAd9fmGF4jeDVl8g="
    },
    "multiparty": {
      "version": "4.2.1",
      "resolved": "http://r.npm.sankuai.com/multiparty/download/multiparty-4.2.1.tgz",
      "integrity": "sha1-2bbEbYuN6rHucMc0sK93HdRuCxM=",
      "requires": {
        "fd-slicer": "1.1.0",
        "http-errors": "~1.7.0",
        "safe-buffer": "5.1.2",
        "uid-safe": "2.1.5"
      }
    },
    "mz": {
      "version": "2.7.0",
      "resolved": "http://r.npm.sankuai.com/mz/download/mz-2.7.0.tgz",
      "integrity": "sha1-lQCAV6Vsr63CvGPd5/n/aVWUjjI=",
      "requires": {
        "any-promise": "^1.0.0",
        "object-assign": "^4.0.1",
        "thenify-all": "^1.0.0"
      }
    },
    "negotiator": {
      "version": "0.6.1",
      "resolved": "http://r.npm.sankuai.com/negotiator/download/negotiator-0.6.1.tgz",
      "integrity": "sha1-KzJxhOiZIQEXeyhWP7XnECrNDKk="
    },
    "node-fetch": {
      "version": "1.7.3",
      "resolved": "http://r.npm.sankuai.com/node-fetch/download/node-fetch-1.7.3.tgz",
      "integrity": "sha1-mA9vcthSEaU0fGsrwYxbhMPrR+8=",
      "requires": {
        "encoding": "^0.1.11",
        "is-stream": "^1.0.1"
      }
    },
    "object-assign": {
      "version": "4.1.1",
      "resolved": "http://r.npm.sankuai.com/object-assign/download/object-assign-4.1.1.tgz",
      "integrity": "sha1-IQmtx5ZYh8/AXLvUQsrIv7s2CGM="
    },
    "on-finished": {
      "version": "2.3.0",
      "resolved": "http://r.npm.sankuai.com/on-finished/download/on-finished-2.3.0.tgz",
      "integrity": "sha1-IPEzZIGwg811M3mSoWlxqi2QaUc=",
      "requires": {
        "ee-first": "1.1.1"
      }
    },
    "only": {
      "version": "0.0.2",
      "resolved": "http://r.npm.sankuai.com/only/download/only-0.0.2.tgz",
      "integrity": "sha1-Kv3oTQPlC5qO3EROMGEKcCle37Q="
    },
    "options": {
      "version": "0.0.6",
      "resolved": "http://r.npm.sankuai.com/options/download/options-0.0.6.tgz",
      "integrity": "sha1-7CLTEoBrtT5zF3Pnza788cZDEo8="
    },
    "optparse": {
      "version": "1.0.4",
      "resolved": "http://r.npm.sankuai.com/optparse/download/optparse-1.0.4.tgz",
      "integrity": "sha1-wGJXnS0F0kPCIaMEpx4Ml5YjzPE="
    },
    "parseurl": {
      "version": "1.3.2",
      "resolved": "http://r.npm.sankuai.com/parseurl/download/parseurl-1.3.2.tgz",
      "integrity": "sha1-/CidTtiZMRlGDBViUyYs3I3mW/M="
    },
    "path-is-absolute": {
      "version": "1.0.1",
      "resolved": "http://r.npm.sankuai.com/path-is-absolute/download/path-is-absolute-1.0.1.tgz",
      "integrity": "sha1-F0uSaHNVNP+8es5r9TpanhtcX18="
    },
    "path-to-regexp": {
      "version": "0.1.7",
      "resolved": "http://r.npm.sankuai.com/path-to-regexp/download/path-to-regexp-0.1.7.tgz",
      "integrity": "sha1-32BBeABfUi8V60SQ5yR6G/qmf4w="
    },
    "pend": {
      "version": "1.2.0",
      "resolved": "http://r.npm.sankuai.com/pend/download/pend-1.2.0.tgz",
      "integrity": "sha1-elfrVQpng/kRUzH89GY9XI4AelA="
    },
    "promise-nodeify": {
      "version": "3.0.1",
      "resolved": "http://r.npm.sankuai.com/promise-nodeify/download/promise-nodeify-3.0.1.tgz",
      "integrity": "sha1-8PXZcg7p7HHdK/qSZnvlBMECKcI="
    },
    "proxy-addr": {
      "version": "2.0.4",
      "resolved": "http://r.npm.sankuai.com/proxy-addr/download/proxy-addr-2.0.4.tgz",
      "integrity": "sha1-7PxzO/Iv+Mb0B/onUye5q2fki5M=",
      "requires": {
        "forwarded": "~0.1.2",
        "ipaddr.js": "1.8.0"
      }
    },
    "proxying-agent": {
      "version": "2.2.4",
      "resolved": "http://r.npm.sankuai.com/proxying-agent/download/proxying-agent-2.2.4.tgz",
      "integrity": "sha1-l0pgxaUI22LX46u6vuxkJLb+pCc="
    },
    "qs": {
      "version": "6.5.2",
      "resolved": "http://r.npm.sankuai.com/qs/download/qs-6.5.2.tgz",
      "integrity": "sha1-yzroBuh0BERYTvFUzo7pjUA/PjY="
    },
    "random-bytes": {
      "version": "1.0.0",
      "resolved": "http://r.npm.sankuai.com/random-bytes/download/random-bytes-1.0.0.tgz",
      "integrity": "sha1-T2ih3Arli9P7lYSMMDJNt11kNgs="
    },
    "range-parser": {
      "version": "1.2.0",
      "resolved": "http://r.npm.sankuai.com/range-parser/download/range-parser-1.2.0.tgz",
      "integrity": "sha1-9JvmtIeJTdxA3MlKMi9hEJLgDV4="
    },
    "raw-body": {
      "version": "2.3.3",
      "resolved": "http://r.npm.sankuai.com/raw-body/download/raw-body-2.3.3.tgz",
      "integrity": "sha1-GzJOzmtXBuFThVvBFIxlu39uoMM=",
      "requires": {
        "bytes": "3.0.0",
        "http-errors": "1.6.3",
        "iconv-lite": "0.4.23",
        "unpipe": "1.0.0"
      },
      "dependencies": {
        "http-errors": {
          "version": "1.6.3",
          "resolved": "http://r.npm.sankuai.com/http-errors/download/http-errors-1.6.3.tgz",
          "integrity": "sha1-i1VoC7S+KDoLW/TqLjhYC+HZMg0=",
          "requires": {
            "depd": "~1.1.2",
            "inherits": "2.0.3",
            "setprototypeof": "1.1.0",
            "statuses": ">= 1.4.0 < 2"
          }
        }
      }
    },
    "redis": {
      "version": "2.8.0",
      "resolved": "http://r.npm.sankuai.com/redis/download/redis-2.8.0.tgz",
      "integrity": "sha1-ICKI4/WMSfYHnZevehDhMDrhSwI=",
      "requires": {
        "double-ended-queue": "^2.1.0-0",
        "redis-commands": "^1.2.0",
        "redis-parser": "^2.6.0"
      }
    },
    "redis-commands": {
      "version": "1.4.0",
      "resolved": "http://r.npm.sankuai.com/redis-commands/download/redis-commands-1.4.0.tgz",
      "integrity": "sha1-UvnPmRU+/M5WqPhq+Ya9BOmIYC8="
    },
    "redis-parser": {
      "version": "2.6.0",
      "resolved": "http://r.npm.sankuai.com/redis-parser/download/redis-parser-2.6.0.tgz",
      "integrity": "sha1-Uu0J2srBCPGmMcB+m2mUHnoZUEs="
    },
    "resolve-path": {
      "version": "1.4.0",
      "resolved": "http://r.npm.sankuai.com/resolve-path/download/resolve-path-1.4.0.tgz",
      "integrity": "sha1-xL2p9e+y/OZSR4c6s2u02DT+Fvc=",
      "requires": {
        "http-errors": "~1.6.2",
        "path-is-absolute": "1.0.1"
      },
      "dependencies": {
        "http-errors": {
          "version": "1.6.3",
          "resolved": "http://r.npm.sankuai.com/http-errors/download/http-errors-1.6.3.tgz",
          "integrity": "sha1-i1VoC7S+KDoLW/TqLjhYC+HZMg0=",
          "requires": {
            "depd": "~1.1.2",
            "inherits": "2.0.3",
            "setprototypeof": "1.1.0",
            "statuses": ">= 1.4.0 < 2"
          }
        }
      }
    },
    "safe-buffer": {
      "version": "5.1.2",
      "resolved": "http://r.npm.sankuai.com/safe-buffer/download/safe-buffer-5.1.2.tgz",
      "integrity": "sha1-mR7GnSluAxN0fVm9/St0XDX4go0="
    },
    "safer-buffer": {
      "version": "2.1.2",
      "resolved": "http://r.npm.sankuai.com/safer-buffer/download/safer-buffer-2.1.2.tgz",
      "integrity": "sha1-RPoWGwGHuVSd2Eu5GAL5vYOFzWo="
    },
    "scoped-http-client": {
      "version": "0.11.0",
      "resolved": "http://r.npm.sankuai.com/scoped-http-client/download/scoped-http-client-0.11.0.tgz",
      "integrity": "sha1-iH+oKoNg8V1jmlLlBOVjwVfSbXQ="
    },
    "send": {
      "version": "0.16.2",
      "resolved": "http://r.npm.sankuai.com/send/download/send-0.16.2.tgz",
      "integrity": "sha1-bsyh4PjBVtFBWXVZhI32RzCmu8E=",
      "requires": {
        "debug": "2.6.9",
        "depd": "~1.1.2",
        "destroy": "~1.0.4",
        "encodeurl": "~1.0.2",
        "escape-html": "~1.0.3",
        "etag": "~1.8.1",
        "fresh": "0.5.2",
        "http-errors": "~1.6.2",
        "mime": "1.4.1",
        "ms": "2.0.0",
        "on-finished": "~2.3.0",
        "range-parser": "~1.2.0",
        "statuses": "~1.4.0"
      },
      "dependencies": {
        "http-errors": {
          "version": "1.6.3",
          "resolved": "http://r.npm.sankuai.com/http-errors/download/http-errors-1.6.3.tgz",
          "integrity": "sha1-i1VoC7S+KDoLW/TqLjhYC+HZMg0=",
          "requires": {
            "depd": "~1.1.2",
            "inherits": "2.0.3",
            "setprototypeof": "1.1.0",
            "statuses": ">= 1.4.0 < 2"
          }
        },
        "statuses": {
          "version": "1.4.0",
          "resolved": "http://r.npm.sankuai.com/statuses/download/statuses-1.4.0.tgz",
          "integrity": "sha1-u3PURtonlhBu/MG2AaJT1sRr0Ic="
        }
      }
    },
    "serve-static": {
      "version": "1.13.2",
      "resolved": "http://r.npm.sankuai.com/serve-static/download/serve-static-1.13.2.tgz",
      "integrity": "sha1-CV6Ecv1bRiN9tQzkhqQ/S4bGzsE=",
      "requires": {
        "encodeurl": "~1.0.2",
        "escape-html": "~1.0.3",
        "parseurl": "~1.3.2",
        "send": "0.16.2"
      }
    },
    "setprototypeof": {
      "version": "1.1.0",
      "resolved": "http://r.npm.sankuai.com/setprototypeof/download/setprototypeof-1.1.0.tgz",
      "integrity": "sha1-0L2FU2iHtv58DYGMuWLZ2RxU5lY="
    },
    "statuses": {
      "version": "1.5.0",
      "resolved": "http://r.npm.sankuai.com/statuses/download/statuses-1.5.0.tgz",
      "integrity": "sha1-Fhx9rBd2Wf2YEfQ3cfqZOBR4Yow="
    },
    "strip-ansi": {
      "version": "3.0.1",
      "resolved": "http://r.npm.sankuai.com/strip-ansi/download/strip-ansi-3.0.1.tgz",
      "integrity": "sha1-ajhfuIU9lS1f8F0Oiq+UJ43GPc8=",
      "requires": {
        "ansi-regex": "^2.0.0"
      }
    },
    "supports-color": {
      "version": "2.0.0",
      "resolved": "http://r.npm.sankuai.com/supports-color/download/supports-color-2.0.0.tgz",
      "integrity": "sha1-U10EXOa2Nj+kARcIRimZXp3zJMc="
    },
    "thenify": {
      "version": "3.3.0",
      "resolved": "http://r.npm.sankuai.com/thenify/download/thenify-3.3.0.tgz",
      "integrity": "sha1-5p44obq+lpsBCCB5eLn2K4hgSDk=",
      "requires": {
        "any-promise": "^1.0.0"
      }
    },
    "thenify-all": {
      "version": "1.6.0",
      "resolved": "http://r.npm.sankuai.com/thenify-all/download/thenify-all-1.6.0.tgz",
      "integrity": "sha1-GhkY1ALY/D+Y+/I02wvMjMEOlyY=",
      "requires": {
        "thenify": ">= 3.1.0 < 4"
      }
    },
    "tinify": {
      "version": "1.6.0-beta.2",
      "resolved": "http://r.npm.sankuai.com/tinify/download/tinify-1.6.0-beta.2.tgz",
      "integrity": "sha1-WYXKAh0RaF2EbFOshGXc54EWrf4=",
      "requires": {
        "promise-nodeify": ">= 0.1",
        "proxying-agent": ">= 2.1"
      }
    },
    "toidentifier": {
      "version": "1.0.0",
      "resolved": "http://r.npm.sankuai.com/toidentifier/download/toidentifier-1.0.0.tgz",
      "integrity": "sha1-fhvjRw8ed5SLxD2Uo8j013UrpVM="
    },
    "type-is": {
      "version": "1.6.16",
      "resolved": "http://r.npm.sankuai.com/type-is/download/type-is-1.6.16.tgz",
      "integrity": "sha1-+JzjQVQcZysl7nrjxz3uOyvlAZQ=",
      "requires": {
        "media-typer": "0.3.0",
        "mime-types": "~2.1.18"
      }
    },
    "uid-safe": {
      "version": "2.1.5",
      "resolved": "http://r.npm.sankuai.com/uid-safe/download/uid-safe-2.1.5.tgz",
      "integrity": "sha1-Kz1cckDo/C5Y+Komnl7knAhXvTo=",
      "requires": {
        "random-bytes": "~1.0.0"
      }
    },
    "ultron": {
      "version": "1.0.2",
      "resolved": "http://r.npm.sankuai.com/ultron/download/ultron-1.0.2.tgz",
      "integrity": "sha1-rOEWq1V80Zc4ak6I9GhTeMiy5Po="
    },
    "unpipe": {
      "version": "1.0.0",
      "resolved": "http://r.npm.sankuai.com/unpipe/download/unpipe-1.0.0.tgz",
      "integrity": "sha1-sr9O6FFKrmFltIF4KdIbLvSZBOw="
    },
    "utils-merge": {
      "version": "1.0.1",
      "resolved": "http://r.npm.sankuai.com/utils-merge/download/utils-merge-1.0.1.tgz",
      "integrity": "sha1-n5VxD1CiZ5R7LMwSR0HBAoQn5xM="
    },
    "vary": {
      "version": "1.1.2",
      "resolved": "http://r.npm.sankuai.com/vary/download/vary-1.1.2.tgz",
      "integrity": "sha1-IpnwLG3tMNSllhsLn3RSShj2NPw="
    },
    "whatwg-fetch": {
      "version": "3.0.0",
      "resolved": "http://r.npm.sankuai.com/whatwg-fetch/download/whatwg-fetch-3.0.0.tgz",
      "integrity": "sha1-/IBORYzEYACbGiuWa8iBfSV4rvs="
    },
    "ws": {
      "version": "1.1.5",
      "resolved": "http://r.npm.sankuai.com/ws/download/ws-1.1.5.tgz",
      "integrity": "sha1-y9nm514J/F0skAFfIfDECHXg3VE=",
      "requires": {
        "options": ">=0.0.5",
        "ultron": "1.0.x"
      }
    },
    "ylru": {
      "version": "1.2.1",
      "resolved": "http://r.npm.sankuai.com/ylru/download/ylru-1.2.1.tgz",
      "integrity": "sha1-9Xa2M0FUeYnB3nuiiHYJI7J/6E8="
    }
  }
}
